schema: '2.0'
stages:
  preprocess:
    cmd: .venv-train\Scripts\python scripts/preprocess.py
    deps:
    - path: data/h251.sas7bdat
      hash: md5
      md5: 493fcaa1b6f8b7f23879b568d35820da
      size: 207093760
    - path: scripts/preprocess.py
      hash: md5
      md5: 58954079c9fa08e1400a5db463134b3a
      size: 9625
    - path: src/constants.py
      hash: md5
      md5: e00ec4fe5c6379d86b59c5e9e4a48d0c
      size: 9365
    - path: src/pipeline.py
      hash: md5
      md5: 5b5d8dc9431ce299e68a21f08c1bae31
      size: 6850
    - path: src/transformers.py
      hash: md5
      md5: 5920c0ca24641df700182ead056d0362
      size: 35874
    - path: src/utils.py
      hash: md5
      md5: 1aea9039d5e383463c308fa410bb1d90
      size: 6395
    outs:
    - path: data/test_data_preprocessed.parquet
      hash: md5
      md5: b4c515101bd1dbde39c1f06350a98fb2
      size: 69424
    - path: data/training_data_preprocessed.parquet
      hash: md5
      md5: a045a49de975005c96adff5b20fa8756
      size: 355338
    - path: data/validation_data_preprocessed.parquet
      hash: md5
      md5: 88c1393d697a77b153796db97a5f6a64
      size: 69302
  baseline:
    cmd: .venv-train\Scripts\python scripts/train_baseline.py
    deps:
    - path: data/training_data_preprocessed.parquet
      hash: md5
      md5: a045a49de975005c96adff5b20fa8756
      size: 355338
    - path: data/validation_data_preprocessed.parquet
      hash: md5
      md5: 88c1393d697a77b153796db97a5f6a64
      size: 69302
    - path: scripts/train_baseline.py
      hash: md5
      md5: fd92b6a32c327622c6674bf9c5357e28
      size: 5393
    - path: src/constants.py
      hash: md5
      md5: e00ec4fe5c6379d86b59c5e9e4a48d0c
      size: 9365
    - path: src/modeling.py
      hash: md5
      md5: 0881d5446dd4b6435e4b5cc09b067e7f
      size: 11153
    - path: src/utils.py
      hash: md5
      md5: 1aea9039d5e383463c308fa410bb1d90
      size: 6395
    outs:
    - path: models/baseline_metrics.json
      hash: md5
      md5: 13eb5f1c54299c3203dc20cfa36e87f5
      size: 1942
    - path: models/baseline_predictions.joblib
      hash: md5
      md5: b8c95f983bfffade3169071bcc7ef14d
      size: 77530
    - path: models/decision_tree_baseline.joblib
      hash: md5
      md5: 39a94f08d973a31ce72a3dba8aacc528
      size: 22657
    - path: models/elastic_net_baseline.joblib
      hash: md5
      md5: f47d39a0735a7689de0a35e4e17581e2
      size: 10026
    - path: models/linear_regression_baseline.joblib
      hash: md5
      md5: 63e4ab16718bec6d67c35b68d1d9513b
      size: 3289
    - path: models/median_prediction_baseline.joblib
      hash: md5
      md5: 88d26df104485cb3486ec575d0024893
      size: 1247
    - path: models/random_forest_baseline.joblib
      hash: md5
      md5: 240ebb27f0ae0580c797cdcc1633c66d
      size: 4706488
    - path: models/support_vector_machine_baseline.joblib
      hash: md5
      md5: 9b522b6c0d92524d45a28ad93de86740
      size: 3854372
    - path: models/xgboost_baseline.joblib
      hash: md5
      md5: 02f04d019812f365e8aa7919cf5deaa3
      size: 2139568
